Microsoft Visual Studio Solution File, Format Version 12.00
# Visual Studio Version 16
VisualStudioVersion = 16.0.30503.244
MinimumVisualStudioVersion = 10.0.40219.1
Project("{FAE04EC0-301F-11D3-BF4B-00C04F79EFBC}") = "PiBot", "PiBot\PiBot.csproj", "{20A8BCD3-8320-4B05-96D0-23B7463C5AD9}"
EndProject
Global
	GlobalSection(SolutionConfigurationPlatforms) = preSolution
		Debug|Any CPU = Debug|Any CPU
		Release|Any CPU = Release|Any CPU
	EndGlobalSection
	GlobalSection(ProjectConfigurationPlatforms) = postSolution
		{20A8BCD3-8320-4B05-96D0-23B7463C5AD9}.Debug|Any CPU.ActiveCfg = Debug|Any CPU
		{20A8BCD3-8320-4B05-96D0-23B7463C5AD9}.Debug|Any CPU.Build.0 = Debug|Any CPU
		{20A8BCD3-8320-4B05-96D0-23B7463C5AD9}.Debug|Any CPU.Deploy.0 = Debug|Any CPU
		{20A8BCD3-8320-4B05-96D0-23B7463C5AD9}.Release|Any CPU.ActiveCfg = Release|Any CPU
		{20A8BCD3-8320-4B05-96D0-23B7463C5AD9}.Release|Any CPU.Build.0 = Release|Any CPU
	EndGlobalSection
	GlobalSection(SolutionProperties) = preSolution
		HideSolutionNode = FALSE
	EndGlobalSection
	GlobalSection(ExtensibilityGlobals) = postSolution
		SolutionGuid = {8924105C-CC8A-4015-9291-05ECD0048F55}
	EndGlobalSection
EndGlobal
